{
    "_readme": [
        "This file locks the dependencies of your project to a known state",
        "Read more about it at https://getcomposer.org/doc/01-basic-usage.md#installing-dependencies",
        "This file is @generated automatically"
    ],
    "content-hash": "cbb70a8afbcefc92df0c98a342c58525",
    "packages": [
        {
            "name": "spatie/ping",
            "version": "1.1.1",
            "source": {
                "type": "git",
                "url": "https://github.com/spatie/ping.git",
                "reference": "6123a6209148e8919f58121d256f43c75856ab35"
            },
            "dist": {
                "type": "zip",
                "url": "https://api.github.com/repos/spatie/ping/zipball/6123a6209148e8919f58121d256f43c75856ab35",
                "reference": "6123a6209148e8919f58121d256f43c75856ab35",
                "shasum": ""
            },
            "require": {
                "php": "^8.4",
                "symfony/process": "^7.0"
            },
            "require-dev": {
                "laravel/pint": "^1.0",
                "pestphp/pest": "^3.0",
                "spatie/pest-expectations": "^1.13",
                "spatie/ray": "^1.28"
            },
            "type": "library",
            "autoload": {
                "psr-4": {
                    "Spatie\\Ping\\": "src"
                }
            },
            "notification-url": "https://packagist.org/downloads/",
            "license": [
                "MIT"
            ],
            "authors": [
                {
                    "name": "Freek Van der Herten",
                    "email": "freek@spatie.be",
                    "role": "Developer"
                }
            ],
            "description": "Run an ICMP ping and get structured results",
            "homepage": "https://github.com/spatie/ping",
            "keywords": [
                "ping",
                "spatie"
            ],
            "support": {
                "issues": "https://github.com/spatie/ping/issues",
                "source": "https://github.com/spatie/ping/tree/1.1.1"
            },
            "funding": [
                {
                    "url": "https://github.com/spatie",
                    "type": "github"
                }
            ],
            "time": "2025-08-12T20:58:12+00:00"
        },
        {
            "name": "symfony/process",
            "version": "v7.4.4",
            "source": {
                "type": "git",
                "url": "https://github.com/symfony/process.git",
                "reference": "626f07a53f4b4e2f00e11824cc29f928d797783b"
            },
            "dist": {
                "type": "zip",
                "url": "https://api.github.com/repos/symfony/process/zipball/626f07a53f4b4e2f00e11824cc29f928d797783b",
                "reference": "626f07a53f4b4e2f00e11824cc29f928d797783b",
                "shasum": ""
            },
            "require": {
                "php": ">=8.2"
            },
            "type": "library",
            "autoload": {
                "psr-4": {
                    "Symfony\\Component\\Process\\": ""
                },
                "exclude-from-classmap": [
                    "/Tests/"
                ]
            },
            "notification-url": "https://packagist.org/downloads/",
            "license": [
                "MIT"
            ],
            "authors": [
                {
                    "name": "Fabien Potencier",
                    "email": "fabien@symfony.com"
                },
                {
                    "name": "Symfony Community",
                    "homepage": "https://symfony.com/contributors"
                }
            ],
            "description": "Executes commands in sub-processes",
            "homepage": "https://symfony.com",
            "support": {
                "source": "https://github.com/symfony/process/tree/v7.4.4"
            },
            "funding": [
                {
                    "url": "https://symfony.com/sponsor",
                    "type": "custom"
                },
                {
                    "url": "https://github.com/fabpot",
                    "type": "github"
                },
                {
                    "url": "https://github.com/nicolas-grekas",
                    "type": "github"
                },
                {
                    "url": "https://tidelift.com/funding/github/packagist/symfony/symfony",
                    "type": "tidelift"
                }
            ],
            "time": "2026-01-20T09:23:51+00:00"
        }
    ],
    "packages-dev": [],
    "aliases": [],
    "minimum-stability": "stable",
    "stability-flags": {},
    "prefer-stable": false,
    "prefer-lowest": false,
    "platform": {},
    "platform-dev": {},
    "plugin-api-version": "2.6.0"
}
